schema: '2.0'
stages:
  prepare:
    cmd: python3.12 src/prepare.py data/raw data/prepared
    deps:
    - path: data/raw
      hash: md5
      md5: 6d8f0c274829764e1ea1112420825014.dir
      size: 8822930
      nfiles: 1605
    - path: src/prepare.py
      hash: md5
      md5: d4f3312976ced5ace2cdab70239d544a
      size: 2514
    - path: src/utils/seed.py
      hash: md5
      md5: 3a792a2e3aece6c04c2756bc133a5cd1
      size: 438
    params:
      params.yaml:
        prepare:
          seed: 77
          split: 0.2
          image_size:
          - 32
          - 32
          grayscale: true
    outs:
    - path: data/prepared
      hash: md5
      md5: b7e56ce840acb83113461a7334a7cb9d.dir
      size: 6619318
      nfiles: 8
  train:
    cmd: python3.12 src/train.py data/prepared model
    deps:
    - path: data/prepared
      hash: md5
      md5: b7e56ce840acb83113461a7334a7cb9d.dir
      size: 6619318
      nfiles: 8
    - path: src/train.py
      hash: md5
      md5: f0c533685de7ddb3f8a8d9d4c221747e
      size: 3856
    - path: src/utils/seed.py
      hash: md5
      md5: 3a792a2e3aece6c04c2756bc133a5cd1
      size: 438
    params:
      params.yaml:
        train:
          seed: 77
          lr: 0.001
          epochs: 10
          conv_size: 64
          dense_size: 128
          output_classes: 11
    outs:
    - path: model
      hash: md5
      md5: 6ea435cc8f7d378647d7a101a43952fb.dir
      size: 8382899
      nfiles: 2
  evaluate:
    cmd: python3.12 src/evaluate.py model data/prepared
    deps:
    - path: model
      hash: md5
      md5: 6ea435cc8f7d378647d7a101a43952fb.dir
      size: 8382899
      nfiles: 2
    - path: src/evaluate.py
      hash: md5
      md5: ed775b26fb8d8b7d91f99e83ca8c42f9
      size: 5480
    outs:
    - path: evaluation/metrics.json
      hash: md5
      md5: 9511c6caf238091979659de1d2e7b2fa
      size: 64
    - path: evaluation/plots/confusion_matrix.png
      hash: md5
      md5: 581ea06a391708680624ec07a646372a
      size: 45677
    - path: evaluation/plots/pred_preview.png
      hash: md5
      md5: d7ff5ea6247fd41f4902dd699d693e9a
      size: 43556
    - path: evaluation/plots/training_history.png
      hash: md5
      md5: 35d5e7456c5e5fc459cff47fa03ecab4
      size: 37144
